
Microsoft Visual Studio Solution File, Format Version 12.00
# Visual Studio Version 17
VisualStudioVersion = 17.4.33213.308
MinimumVisualStudioVersion = 10.0.40219.1
Project("{FAE04EC0-301F-11D3-BF4B-00C04F79EFBC}") = "AppMovilCursos.Android", "AppMovilCursos.Android\AppMovilCursos.Android.csproj", "{5FA11DF9-BE8E-486A-A390-FD230A5DAE01}"
EndProject
Project("{FAE04EC0-301F-11D3-BF4B-00C04F79EFBC}") = "AppMovilCursos", "AppMovilCursos\AppMovilCursos.csproj", "{430A3C7C-504A-4487-888E-55430826CA52}"
EndProject
Global
	GlobalSection(SolutionConfigurationPlatforms) = preSolution
		Debug|Any CPU = Debug|Any CPU
		Release|Any CPU = Release|Any CPU
	EndGlobalSection
	GlobalSection(ProjectConfigurationPlatforms) = postSolution
		{5FA11DF9-BE8E-486A-A390-FD230A5DAE01}.Debug|Any CPU.ActiveCfg = Debug|Any CPU
		{5FA11DF9-BE8E-486A-A390-FD230A5DAE01}.Debug|Any CPU.Build.0 = Debug|Any CPU
		{5FA11DF9-BE8E-486A-A390-FD230A5DAE01}.Debug|Any CPU.Deploy.0 = Debug|Any CPU
		{5FA11DF9-BE8E-486A-A390-FD230A5DAE01}.Release|Any CPU.ActiveCfg = Release|Any CPU
		{5FA11DF9-BE8E-486A-A390-FD230A5DAE01}.Release|Any CPU.Build.0 = Release|Any CPU
		{5FA11DF9-BE8E-486A-A390-FD230A5DAE01}.Release|Any CPU.Deploy.0 = Release|Any CPU
		{430A3C7C-504A-4487-888E-55430826CA52}.Debug|Any CPU.ActiveCfg = Debug|Any CPU
		{430A3C7C-504A-4487-888E-55430826CA52}.Debug|Any CPU.Build.0 = Debug|Any CPU
		{430A3C7C-504A-4487-888E-55430826CA52}.Debug|Any CPU.Deploy.0 = Debug|Any CPU
		{430A3C7C-504A-4487-888E-55430826CA52}.Release|Any CPU.ActiveCfg = Release|Any CPU
		{430A3C7C-504A-4487-888E-55430826CA52}.Release|Any CPU.Build.0 = Release|Any CPU
		{430A3C7C-504A-4487-888E-55430826CA52}.Release|Any CPU.Deploy.0 = Release|Any CPU
	EndGlobalSection
	GlobalSection(SolutionProperties) = preSolution
		HideSolutionNode = FALSE
	EndGlobalSection
	GlobalSection(ExtensibilityGlobals) = postSolution
		SolutionGuid = {2CB798EA-1339-49F2-80F6-79BC9AF03C4E}
	EndGlobalSection
EndGlobal
